607356400465987662256628366419664976672566833753297563175995760577851379305801678022080555807998087281104812538134081641816978181082601829498397784111844218458884696860498614986253864668675687503877228965289857907469081391147912989148124140441825503255792779128153283472864128729291652933729343294712962430158301633028030483306263072531369320683215732253328713295435766357943606736862387793926542468443914444044832448944492545180453104534545499459384717447287473124739147500476434769047781478574821148541487794885751395514205156151587520905563755949561615659356662574065930859444596656320263451635726362063782639276468464736649596505265084194852275930530305863060230675307033080130843308793097630991310053154831961320073210832171322443229333022331043316733286334243361333714