60735640046598766225662836641966497667256683375329756317599576057785137930580167802208055580799808728110481253813408164181697818108260182949839778411184421845888469686049861498625386466867568750387722896528985790746908139114791298914812414044182550325579277912815328347286412872929165293372934329471296243015830163302803048330626307253136932068321573225332871329543576635794360673686238779392654246844391444404483244894449254518045310453454549945938471744728747312473914750047643476904778147857482114854148779488575139551420515615158752090556375594956161565935666257406593085944459665632026345163572636206378263927646846473664959650526508419485227593053030586306023067530703308013084330879309763099131005315483196132007321083217132244322933302233104331673328633424336133371433765338233393134065341333418534272346333474234924350713515235256384443881341521420444336443370434064341443447434544349143526436944505645175452624541245811459904608247172473584738347411474694860148749489834913849232500265030950533509335105051229513565144151496516315304253186532005406854174542035426854312543665489855238552695529957070571915722757378579735804458200584065854158694588155903759092593985962059907599586014460185602686029860378604096086161050611686123461308649186496565214705907092870981